// !$*UTF8*$!
{
	archiveVersion = 1;
	classes = {
	};
	objectVersion = 46;
	objects = {

/* Begin PBXBuildFile section */
		C43CC62818E4EF4800AD019D /* main.c in Sources */ = {isa = PBXBuildFile; fileRef = C43CC62718E4EF4800AD019D /* main.c */; };
		C43CC62A18E4EF4800AD019D /* TestingSomething.1 in CopyFiles */ = {isa = PBXBuildFile; fileRef = C43CC62918E4EF4800AD019D /* TestingSomething.1 */; };
/* End PBXBuildFile section */

/* Begin PBXCopyFilesBuildPhase section */
		C43CC62218E4EF4800AD019D /* CopyFiles */ = {
			isa = PBXCopyFilesBuildPhase;
			buildActionMask = 2147483647;
			dstPath = /usr/share/man/man1/;
			dstSubfolderSpec = 0;
			files = (
				C43CC62A18E4EF4800AD019D /* TestingSomething.1 in CopyFiles */,
			);
			runOnlyForDeploymentPostprocessing = 1;
		};
/* End PBXCopyFilesBuildPhase section */

/* Begin PBXFileReference section */
		C43CC62418E4EF4800AD019D /* TestingSomething */ = {isa = PBXFileReference; explicitFileType = "compiled.mach-o.executable"; includeInIndex = 0; path = TestingSomething; sourceTree = BUILT_PRODUCTS_DIR; };
		C43CC62718E4EF4800AD019D /* main.c */ = {isa = PBXFileReference; lastKnownFileType = sourcecode.c.c; path = main.c; sourceTree = "<group>"; };
		C43CC62918E4EF4800AD019D /* TestingSomething.1 */ = {isa = PBXFileReference; lastKnownFileType = text.man; path = TestingSomething.1; sourceTree = "<group>"; };
/* End PBXFileReference section */

/* Begin PBXFrameworksBuildPhase section */
		C43CC62118E4EF4800AD019D /* Frameworks */ = {
			isa = PBXFrameworksBuildPhase;
			buildActionMask = 2147483647;
			files = (
			);
			runOnlyForDeploymentPostprocessing = 0;
		};
/* End PBXFrameworksBuildPhase section */

/* Begin PBXGroup section */
		C43CC61B18E4EF4800AD019D = {
			isa = PBXGroup;
			children = (
				C43CC62618E4EF4800AD019D /* TestingSomething */,
				C43CC62518E4EF4800AD019D /* Products */,
			);
			sourceTree = "<group>";
		};
		C43CC62518E4EF4800AD019D /* Products */ = {
			isa = PBXGroup;
			children = (
				C43CC62418E4EF4800AD019D /* TestingSomething */,
			);
			name = Products;
			sourceTree = "<group>";
		};
		C43CC62618E4EF4800AD019D /* TestingSomething */ = {
			isa = PBXGroup;
			children = (
				C43CC62718E4EF4800AD019D /* main.c */,
				C43CC62918E4EF4800AD019D /* TestingSomething.1 */,
			);
			path = TestingSomething;
			sourceTree = "<group>";
		};
/* End PBXGroup section */

/* Begin PBXNativeTarget section */
		C43CC62318E4EF4800AD019D /* TestingSomething */ = {
			isa = PBXNativeTarget;
			buildConfigurationList = C43CC62D18E4EF4800AD019D /* Build configuration list for PBXNativeTarget "TestingSomething" */;
			buildPhases = (
				C43CC62018E4EF4800AD019D /* Sources */,
				C43CC62118E4EF4800AD019D /* Frameworks */,
				C43CC62218E4EF4800AD019D /* CopyFiles */,
			);
			buildRules = (
			);
			dependencies = (
			);
			name = TestingSomething;
			productName = TestingSomething;
			productReference = C43CC62418E4EF4800AD019D /* TestingSomething */;
			productType = "com.apple.product-type.tool";
		};
/* End PBXNativeTarget section */

/* Begin PBXProject section */
		C43CC61C18E4EF4800AD019D /* Project object */ = {
			isa = PBXProject;
			attributes = {
				LastUpgradeCheck = 0510;
				ORGANIZATIONNAME = "Big Nerd Ranch";
			};
			buildConfigurationList = C43CC61F18E4EF4800AD019D /* Build configuration list for PBXProject "TestingSomething" */;
			compatibilityVersion = "Xcode 3.2";
			developmentRegion = English;
			hasScannedForEncodings = 0;
			knownRegions = (
				en,
			);
			mainGroup = C43CC61B18E4EF4800AD019D;
			productRefGroup = C43CC62518E4EF4800AD019D /* Products */;
			projectDirPath = "";
			projectRoot = "";
			targets = (
				C43CC62318E4EF4800AD019D /* TestingSomething */,
			);
		};
/* End PBXProject section */

/* Begin PBXSourcesBuildPhase section */
		C43CC62018E4EF4800AD019D /* Sources */ = {
			isa = PBXSourcesBuildPhase;
			buildActionMask = 2147483647;
			files = (
				C43CC62818E4EF4800AD019D /* main.c in Sources */,
			);
			runOnlyForDeploymentPostprocessing = 0;
		};
/* End PBXSourcesBuildPhase section */

/* Begin XCBuildConfiguration section */
		C43CC62B18E4EF4800AD019D /* Debug */ = {
			isa = XCBuildConfiguration;
			buildSettings = {
				ALWAYS_SEARCH_USER_PATHS = NO;
				CLANG_CXX_LANGUAGE_STANDARD = "gnu++0x";
				CLANG_CXX_LIBRARY = "libc++";
				CLANG_ENABLE_MODULES = YES;
				CLANG_ENABLE_OBJC_ARC = YES;
				CLANG_WARN_BOOL_CONVERSION = YES;
				CLANG_WARN_CONSTANT_CONVERSION = YES;
				CLANG_WARN_DIRECT_OBJC_ISA_USAGE = YES_ERROR;
				CLANG_WARN_EMPTY_BODY = YES;
				CLANG_WARN_ENUM_CONVERSION = YES;
				CLANG_WARN_INT_CONVERSION = YES;
				CLANG_WARN_OBJC_ROOT_CLASS = YES_ERROR;
				CLANG_WARN__DUPLICATE_METHOD_MATCH = YES;
				COPY_PHASE_STRIP = NO;
				GCC_C_LANGUAGE_STANDARD = gnu99;
				GCC_DYNAMIC_NO_PIC = NO;
				GCC_ENABLE_OBJC_EXCEPTIONS = YES;
				GCC_OPTIMIZATION_LEVEL = 0;
				GCC_PREPROCESSOR_DEFINITIONS = (
					"DEBUG=1",
					"$(inherited)",
				);
				GCC_SYMBOLS_PRIVATE_EXTERN = NO;
				GCC_WARN_64_TO_32_BIT_CONVERSION = YES;
				GCC_WARN_ABOUT_RETURN_TYPE = YES_ERROR;
				GCC_WARN_UNDECLARED_SELECTOR = YES;
				GCC_WARN_UNINITIALIZED_AUTOS = YES_AGGRESSIVE;
				GCC_WARN_UNUSED_FUNCTION = YES;
				GCC_WARN_UNUSED_VARIABLE = YES;
				MACOSX_DEPLOYMENT_TARGET = 10.9;
				ONLY_ACTIVE_ARCH = YES;
				SDKROOT = macosx;
			};
			name = Debug;
		};
		C43CC62C18E4EF4800AD019D /* Release */ = {
			isa = XCBuildConfiguration;
			buildSettings = {
				ALWAYS_SEARCH_USER_PATHS = NO;
				CLANG_CXX_LANGUAGE_STANDARD = "gnu++0x";
				CLANG_CXX_LIBRARY = "libc++";
				CLANG_ENABLE_MODULES = YES;
				CLANG_ENABLE_OBJC_ARC = YES;
				CLANG_WARN_BOOL_CONVERSION = YES;
				CLANG_WARN_CONSTANT_CONVERSION = YES;
				CLANG_WARN_DIRECT_OBJC_ISA_USAGE = YES_ERROR;
				CLANG_WARN_EMPTY_BODY = YES;
				CLANG_WARN_ENUM_CONVERSION = YES;
				CLANG_WARN_INT_CONVERSION = YES;
				CLANG_WARN_OBJC_ROOT_CLASS = YES_ERROR;
				CLANG_WARN__DUPLICATE_METHOD_MATCH = YES;
				COPY_PHASE_STRIP = YES;
				DEBUG_INFORMATION_FORMAT = "dwarf-with-dsym";
				ENABLE_NS_ASSERTIONS = NO;
				GCC_C_LANGUAGE_STANDARD = gnu99;
				GCC_ENABLE_OBJC_EXCEPTIONS = YES;
				GCC_WARN_64_TO_32_BIT_CONVERSION = YES;
				GCC_WARN_ABOUT_RETURN_TYPE = YES_ERROR;
				GCC_WARN_UNDECLARED_SELECTOR = YES;
				GCC_WARN_UNINITIALIZED_AUTOS = YES_AGGRESSIVE;
				GCC_WARN_UNUSED_FUNCTION = YES;
				GCC_WARN_UNUSED_VARIABLE = YES;
				MACOSX_DEPLOYMENT_TARGET = 10.9;
				SDKROOT = macosx;
			};
			name = Release;
		};
		C43CC62E18E4EF4800AD019D /* Debug */ = {
			isa = XCBuildConfiguration;
			buildSettings = {
				PRODUCT_NAME = "$(TARGET_NAME)";
			};
			name = Debug;
		};
		C43CC62F18E4EF4800AD019D /* Release */ = {
			isa = XCBuildConfiguration;
			buildSettings = {
				PRODUCT_NAME = "$(TARGET_NAME)";
			};
			name = Release;
		};
/* End XCBuildConfiguration section */

/* Begin XCConfigurationList section */
		C43CC61F18E4EF4800AD019D /* Build configuration list for PBXProject "TestingSomething" */ = {
			isa = XCConfigurationList;
			buildConfigurations = (
				C43CC62B18E4EF4800AD019D /* Debug */,
				C43CC62C18E4EF4800AD019D /* Release */,
			);
			defaultConfigurationIsVisible = 0;
			defaultConfigurationName = Release;
		};
		C43CC62D18E4EF4800AD019D /* Build configuration list for PBXNativeTarget "TestingSomething" */ = {
			isa = XCConfigurationList;
			buildConfigurations = (
				C43CC62E18E4EF4800AD019D /* Debug */,
				C43CC62F18E4EF4800AD019D /* Release */,
			);
			defaultConfigurationIsVisible = 0;
		};
/* End XCConfigurationList section */
	};
	rootObject = C43CC61C18E4EF4800AD019D /* Project object */;
}
